
Microsoft Visual Studio Solution File, Format Version 12.00
# Visual Studio Version 17
VisualStudioVersion = 17.9.34728.123
MinimumVisualStudioVersion = 10.0.40219.1
Project("{54A90642-561A-4BB1-A94E-469ADEE60C69}") = "AutoTradeSystem_Angular", "AutoTradeSystem_Angular\AutoTradeSystem_Angular.esproj", "{FC76D270-B75C-4C2E-8508-7D1C5D0D26C7}"
EndProject
Global
	GlobalSection(SolutionConfigurationPlatforms) = preSolution
		Debug|Any CPU = Debug|Any CPU
		Release|Any CPU = Release|Any CPU
	EndGlobalSection
	GlobalSection(ProjectConfigurationPlatforms) = postSolution
		{FC76D270-B75C-4C2E-8508-7D1C5D0D26C7}.Debug|Any CPU.ActiveCfg = Debug|Any CPU
		{FC76D270-B75C-4C2E-8508-7D1C5D0D26C7}.Debug|Any CPU.Build.0 = Debug|Any CPU
		{FC76D270-B75C-4C2E-8508-7D1C5D0D26C7}.Debug|Any CPU.Deploy.0 = Debug|Any CPU
		{FC76D270-B75C-4C2E-8508-7D1C5D0D26C7}.Release|Any CPU.ActiveCfg = Release|Any CPU
		{FC76D270-B75C-4C2E-8508-7D1C5D0D26C7}.Release|Any CPU.Build.0 = Release|Any CPU
		{FC76D270-B75C-4C2E-8508-7D1C5D0D26C7}.Release|Any CPU.Deploy.0 = Release|Any CPU
	EndGlobalSection
	GlobalSection(SolutionProperties) = preSolution
		HideSolutionNode = FALSE
	EndGlobalSection
	GlobalSection(ExtensibilityGlobals) = postSolution
		SolutionGuid = {09C9542D-9F82-4372-B619-41EE32A37676}
	EndGlobalSection
EndGlobal
